// !$*UTF8*$!
{
	archiveVersion = 1;
	classes = {
	};
	objectVersion = 77;
	objects = {

/* Begin PBXContainerItemProxy section */
		EAB74D802FB0A17B005BCF0D /* PBXContainerItemProxy */ = {
			isa = PBXContainerItemProxy;
			containerPortal = EAB74D6A2FB0A17A005BCF0D /* Project object */;
			proxyType = 1;
			remoteGlobalIDString = EAB74D712FB0A17A005BCF0D;
			remoteInfo = CustomizableCarousel;
		};
		EAB74D8A2FB0A17B005BCF0D /* PBXContainerItemProxy */ = {
			isa = PBXContainerItemProxy;
			containerPortal = EAB74D6A2FB0A17A005BCF0D /* Project object */;
			proxyType = 1;
			remoteGlobalIDString = EAB74D712FB0A17A005BCF0D;
			remoteInfo = CustomizableCarousel;
		};
/* End PBXContainerItemProxy section */

/* Begin PBXFileReference section */
		EAB74D722FB0A17A005BCF0D /* CustomizableCarousel.app */ = {isa = PBXFileReference; explicitFileType = wrapper.application; includeInIndex = 0; path = CustomizableCarousel.app; sourceTree = BUILT_PRODUCTS_DIR; };
		EAB74D7F2FB0A17B005BCF0D /* CustomizableCarouselTests.xctest */ = {isa = PBXFileReference; explicitFileType = wrapper.cfbundle; includeInIndex = 0; path = CustomizableCarouselTests.xctest; sourceTree = BUILT_PRODUCTS_DIR; };
		EAB74D892FB0A17B005BCF0D /* CustomizableCarouselUITests.xctest */ = {isa = PBXFileReference; explicitFileType = wrapper.cfbundle; includeInIndex = 0; path = CustomizableCarouselUITests.xctest; sourceTree = BUILT_PRODUCTS_DIR; };
/* End PBXFileReference section */

/* Begin PBXFileSystemSynchronizedRootGroup section */
		CC74D001FB0A0001005BCFD0 /* Sources/CustomizableCarousel */ = {
			isa = PBXFileSystemSynchronizedRootGroup;
			path = Sources/CustomizableCarousel;
			sourceTree = "<group>";
		};
		EAB74D742FB0A17A005BCF0D /* Example */ = {
			isa = PBXFileSystemSynchronizedRootGroup;
			path = Example;
			sourceTree = "<group>";
		};
		EAB74D822FB0A17B005BCF0D /* CustomizableCarouselTests */ = {
			isa = PBXFileSystemSynchronizedRootGroup;
			path = CustomizableCarouselTests;
			sourceTree = "<group>";
		};
		EAB74D8C2FB0A17B005BCF0D /* CustomizableCarouselUITests */ = {
			isa = PBXFileSystemSynchronizedRootGroup;
			path = CustomizableCarouselUITests;
			sourceTree = "<group>";
		};
/* End PBXFileSystemSynchronizedRootGroup section */

/* Begin PBXFrameworksBuildPhase section */
		EAB74D6F2FB0A17A005BCF0D /* Frameworks */ = {
			isa = PBXFrameworksBuildPhase;
			buildActionMask = 2147483647;
			files = (
			);
			runOnlyForDeploymentPostprocessing = 0;
		};
		EAB74D7C2FB0A17B005BCF0D /* Frameworks */ = {
			isa = PBXFrameworksBuildPhase;
			buildActionMask = 2147483647;
			files = (
			);
			runOnlyForDeploymentPostprocessing = 0;
		};
		EAB74D862FB0A17B005BCF0D /* Frameworks */ = {
			isa = PBXFrameworksBuildPhase;
			buildActionMask = 2147483647;
			files = (
			);
			runOnlyForDeploymentPostprocessing = 0;
		};
/* End PBXFrameworksBuildPhase section */

/* Begin PBXGroup section */
		EAB74D692FB0A17A005BCF0D = {
			isa = PBXGroup;
			children = (
				CC74D001FB0A0001005BCFD0 /* Sources/CustomizableCarousel */,
				EAB74D742FB0A17A005BCF0D /* Example */,
				EAB74D822FB0A17B005BCF0D /* CustomizableCarouselTests */,
				EAB74D8C2FB0A17B005BCF0D /* CustomizableCarouselUITests */,
				EAB74D732FB0A17A005BCF0D /* Products */,
			);
			sourceTree = "<group>";
		};
		EAB74D732FB0A17A005BCF0D /* Products */ = {
			isa = PBXGroup;
			children = (
				EAB74D722FB0A17A005BCF0D /* CustomizableCarousel.app */,
				EAB74D7F2FB0A17B005BCF0D /* CustomizableCarouselTests.xctest */,
				EAB74D892FB0A17B005BCF0D /* CustomizableCarouselUITests.xctest */,
			);
			name = Products;
			sourceTree = "<group>";
		};
/* End PBXGroup section */

/* Begin PBXNativeTarget section */
		EAB74D712FB0A17A005BCF0D /* CustomizableCarousel */ = {
			isa = PBXNativeTarget;
			buildConfigurationList = EAB74D932FB0A17B005BCF0D /* Build configuration list for PBXNativeTarget "CustomizableCarousel" */;
			buildPhases = (
				EAB74D6E2FB0A17A005BCF0D /* Sources */,
				EAB74D6F2FB0A17A005BCF0D /* Frameworks */,
				EAB74D702FB0A17A005BCF0D /* Resources */,
			);
			buildRules = (
			);
			dependencies = (
			);
			fileSystemSynchronizedGroups = (
				CC74D001FB0A0001005BCFD0 /* Sources/CustomizableCarousel */,
				EAB74D742FB0A17A005BCF0D /* Example */,
			);
			name = CustomizableCarousel;
			packageProductDependencies = (
			);
			productName = CustomizableCarousel;
			productReference = EAB74D722FB0A17A005BCF0D /* CustomizableCarousel.app */;
			productType = "com.apple.product-type.application";
		};
		EAB74D7E2FB0A17B005BCF0D /* CustomizableCarouselTests */ = {
			isa = PBXNativeTarget;
			buildConfigurationList = EAB74D962FB0A17B005BCF0D /* Build configuration list for PBXNativeTarget "CustomizableCarouselTests" */;
			buildPhases = (
				EAB74D7B2FB0A17B005BCF0D /* Sources */,
				EAB74D7C2FB0A17B005BCF0D /* Frameworks */,
				EAB74D7D2FB0A17B005BCF0D /* Resources */,
			);
			buildRules = (
			);
			dependencies = (
				EAB74D812FB0A17B005BCF0D /* PBXTargetDependency */,
			);
			fileSystemSynchronizedGroups = (
				EAB74D822FB0A17B005BCF0D /* CustomizableCarouselTests */,
			);
			name = CustomizableCarouselTests;
			packageProductDependencies = (
			);
			productName = CustomizableCarouselTests;
			productReference = EAB74D7F2FB0A17B005BCF0D /* CustomizableCarouselTests.xctest */;
			productType = "com.apple.product-type.bundle.unit-test";
		};
		EAB74D882FB0A17B005BCF0D /* CustomizableCarouselUITests */ = {
			isa = PBXNativeTarget;
			buildConfigurationList = EAB74D992FB0A17B005BCF0D /* Build configuration list for PBXNativeTarget "CustomizableCarouselUITests" */;
			buildPhases = (
				EAB74D852FB0A17B005BCF0D /* Sources */,
				EAB74D862FB0A17B005BCF0D /* Frameworks */,
				EAB74D872FB0A17B005BCF0D /* Resources */,
			);
			buildRules = (
			);
			dependencies = (
				EAB74D8B2FB0A17B005BCF0D /* PBXTargetDependency */,
			);
			fileSystemSynchronizedGroups = (
				EAB74D8C2FB0A17B005BCF0D /* CustomizableCarouselUITests */,
			);
			name = CustomizableCarouselUITests;
			packageProductDependencies = (
			);
			productName = CustomizableCarouselUITests;
			productReference = EAB74D892FB0A17B005BCF0D /* CustomizableCarouselUITests.xctest */;
			productType = "com.apple.product-type.bundle.ui-testing";
		};
/* End PBXNativeTarget section */

/* Begin PBXProject section */
		EAB74D6A2FB0A17A005BCF0D /* Project object */ = {
			isa = PBXProject;
			attributes = {
				BuildIndependentTargetsInParallel = 1;
				LastSwiftUpdateCheck = 2630;
				LastUpgradeCheck = 2630;
				TargetAttributes = {
					EAB74D712FB0A17A005BCF0D = {
						CreatedOnToolsVersion = 26.3;
					};
					EAB74D7E2FB0A17B005BCF0D = {
						CreatedOnToolsVersion = 26.3;
						TestTargetID = EAB74D712FB0A17A005BCF0D;
					};
					EAB74D882FB0A17B005BCF0D = {
						CreatedOnToolsVersion = 26.3;
						TestTargetID = EAB74D712FB0A17A005BCF0D;
					};
				};
			};
			buildConfigurationList = EAB74D6D2FB0A17A005BCF0D /* Build configuration list for PBXProject "CustomizableCarousel" */;
			developmentRegion = en;
			hasScannedForEncodings = 0;
			knownRegions = (
				en,
				Base,
			);
			mainGroup = EAB74D692FB0A17A005BCF0D;
			minimizedProjectReferenceProxies = 1;
			preferredProjectObjectVersion = 77;
			productRefGroup = EAB74D732FB0A17A005BCF0D /* Products */;
			projectDirPath = "";
			projectRoot = "";
			targets = (
				EAB74D712FB0A17A005BCF0D /* CustomizableCarousel */,
				EAB74D7E2FB0A17B005BCF0D /* CustomizableCarouselTests */,
				EAB74D882FB0A17B005BCF0D /* CustomizableCarouselUITests */,
			);
		};
/* End PBXProject section */

/* Begin PBXResourcesBuildPhase section */
		EAB74D702FB0A17A005BCF0D /* Resources */ = {
			isa = PBXResourcesBuildPhase;
			buildActionMask = 2147483647;
			files = (
			);
			runOnlyForDeploymentPostprocessing = 0;
		};
		EAB74D7D2FB0A17B005BCF0D /* Resources */ = {
			isa = PBXResourcesBuildPhase;
			buildActionMask = 2147483647;
			files = (
			);
			runOnlyForDeploymentPostprocessing = 0;
		};
		EAB74D872FB0A17B005BCF0D /* Resources */ = {
			isa = PBXResourcesBuildPhase;
			buildActionMask = 2147483647;
			files = (
			);
			runOnlyForDeploymentPostprocessing = 0;
		};
/* End PBXResourcesBuildPhase section */

/* Begin PBXSourcesBuildPhase section */
		EAB74D6E2FB0A17A005BCF0D /* Sources */ = {
			isa = PBXSourcesBuildPhase;
			buildActionMask = 2147483647;
			files = (
			);
			runOnlyForDeploymentPostprocessing = 0;
		};
		EAB74D7B2FB0A17B005BCF0D /* Sources */ = {
			isa = PBXSourcesBuildPhase;
			buildActionMask = 2147483647;
			files = (
			);
			runOnlyForDeploymentPostprocessing = 0;
		};
		EAB74D852FB0A17B005BCF0D /* Sources */ = {
			isa = PBXSourcesBuildPhase;
			buildActionMask = 2147483647;
			files = (
			);
			runOnlyForDeploymentPostprocessing = 0;
		};
/* End PBXSourcesBuildPhase section */

/* Begin PBXTargetDependency section */
		EAB74D812FB0A17B005BCF0D /* PBXTargetDependency */ = {
			isa = PBXTargetDependency;
			target = EAB74D712FB0A17A005BCF0D /* CustomizableCarousel */;
			targetProxy = EAB74D802FB0A17B005BCF0D /* PBXContainerItemProxy */;
		};
		EAB74D8B2FB0A17B005BCF0D /* PBXTargetDependency */ = {
			isa = PBXTargetDependency;
			target = EAB74D712FB0A17A005BCF0D /* CustomizableCarousel */;
			targetProxy = EAB74D8A2FB0A17B005BCF0D /* PBXContainerItemProxy */;
		};
/* End PBXTargetDependency section */

/* Begin XCBuildConfiguration section */
		EAB74D912FB0A17B005BCF0D /* Debug */ = {
			isa = XCBuildConfiguration;
			buildSettings = {
				ALWAYS_SEARCH_USER_PATHS = NO;
				ASSETCATALOG_COMPILER_GENERATE_SWIFT_ASSET_SYMBOL_EXTENSIONS = YES;
				CLANG_ANALYZER_NONNULL = YES;
				CLANG_ANALYZER_NUMBER_OBJECT_CONVERSION = YES_AGGRESSIVE;
				CLANG_CXX_LANGUAGE_STANDARD = "gnu++20";
				CLANG_ENABLE_MODULES = YES;
				CLANG_ENABLE_OBJC_ARC = YES;
				CLANG_ENABLE_OBJC_WEAK = YES;
				CLANG_WARN_BLOCK_CAPTURE_AUTORELEASING = YES;
				CLANG_WARN_BOOL_CONVERSION = YES;
				CLANG_WARN_COMMA = YES;
				CLANG_WARN_CONSTANT_CONVERSION = YES;
				CLANG_WARN_DEPRECATED_OBJC_IMPLEMENTATIONS = YES;
				CLANG_WARN_DIRECT_OBJC_ISA_USAGE = YES_ERROR;
				CLANG_WARN_DOCUMENTATION_COMMENTS = YES;
				CLANG_WARN_EMPTY_BODY = YES;
				CLANG_WARN_ENUM_CONVERSION = YES;
				CLANG_WARN_INFINITE_RECURSION = YES;
				CLANG_WARN_INT_CONVERSION = YES;
				CLANG_WARN_NON_LITERAL_NULL_CONVERSION = YES;
				CLANG_WARN_OBJC_IMPLICIT_RETAIN_SELF = YES;
				CLANG_WARN_OBJC_LITERAL_CONVERSION = YES;
				CLANG_WARN_OBJC_ROOT_CLASS = YES_ERROR;
				CLANG_WARN_QUOTED_INCLUDE_IN_FRAMEWORK_HEADER = YES;
				CLANG_WARN_RANGE_LOOP_ANALYSIS = YES;
				CLANG_WARN_STRICT_PROTOTYPES = YES;
				CLANG_WARN_SUSPICIOUS_MOVE = YES;
				CLANG_WARN_UNGUARDED_AVAILABILITY = YES_AGGRESSIVE;
				CLANG_WARN_UNREACHABLE_CODE = YES;
				CLANG_WARN__DUPLICATE_METHOD_MATCH = YES;
				COPY_PHASE_STRIP = NO;
				DEBUG_INFORMATION_FORMAT = dwarf;
				ENABLE_STRICT_OBJC_MSGSEND = YES;
				ENABLE_TESTABILITY = YES;
				ENABLE_USER_SCRIPT_SANDBOXING = YES;
				GCC_C_LANGUAGE_STANDARD = gnu17;
				GCC_DYNAMIC_NO_PIC = NO;
				GCC_NO_COMMON_BLOCKS = YES;
				GCC_OPTIMIZATION_LEVEL = 0;
				GCC_PREPROCESSOR_DEFINITIONS = (
					"DEBUG=1",
					"$(inherited)",
				);
				GCC_WARN_64_TO_32_BIT_CONVERSION = YES;
				GCC_WARN_ABOUT_RETURN_TYPE = YES_ERROR;
				GCC_WARN_UNDECLARED_SELECTOR = YES;
				GCC_WARN_UNINITIALIZED_AUTOS = YES_AGGRESSIVE;
				GCC_WARN_UNUSED_FUNCTION = YES;
				GCC_WARN_UNUSED_VARIABLE = YES;
				IPHONEOS_DEPLOYMENT_TARGET = 26.2;
				LOCALIZATION_PREFERS_STRING_CATALOGS = YES;
				MTL_ENABLE_DEBUG_INFO = INCLUDE_SOURCE;
				MTL_FAST_MATH = YES;
				ONLY_ACTIVE_ARCH = YES;
				SDKROOT = iphoneos;
				SWIFT_ACTIVE_COMPILATION_CONDITIONS = "DEBUG $(inherited)";
				SWIFT_OPTIMIZATION_LEVEL = "-Onone";
			};
			name = Debug;
		};
		EAB74D922FB0A17B005BCF0D /* Release */ = {
			isa = XCBuildConfiguration;
			buildSettings = {
				ALWAYS_SEARCH_USER_PATHS = NO;
				ASSETCATALOG_COMPILER_GENERATE_SWIFT_ASSET_SYMBOL_EXTENSIONS = YES;
				CLANG_ANALYZER_NONNULL = YES;
				CLANG_ANALYZER_NUMBER_OBJECT_CONVERSION = YES_AGGRESSIVE;
				CLANG_CXX_LANGUAGE_STANDARD = "gnu++20";
				CLANG_ENABLE_MODULES = YES;
				CLANG_ENABLE_OBJC_ARC = YES;
				CLANG_ENABLE_OBJC_WEAK = YES;
				CLANG_WARN_BLOCK_CAPTURE_AUTORELEASING = YES;
				CLANG_WARN_BOOL_CONVERSION = YES;
				CLANG_WARN_COMMA = YES;
				CLANG_WARN_CONSTANT_CONVERSION = YES;
				CLANG_WARN_DEPRECATED_OBJC_IMPLEMENTATIONS = YES;
				CLANG_WARN_DIRECT_OBJC_ISA_USAGE = YES_ERROR;
				CLANG_WARN_DOCUMENTATION_COMMENTS = YES;
				CLANG_WARN_EMPTY_BODY = YES;
				CLANG_WARN_ENUM_CONVERSION = YES;
				CLANG_WARN_INFINITE_RECURSION = YES;
				CLANG_WARN_INT_CONVERSION = YES;
				CLANG_WARN_NON_LITERAL_NULL_CONVERSION = YES;
				CLANG_WARN_OBJC_IMPLICIT_RETAIN_SELF = YES;
				CLANG_WARN_OBJC_LITERAL_CONVERSION = YES;
				CLANG_WARN_OBJC_ROOT_CLASS = YES_ERROR;
				CLANG_WARN_QUOTED_INCLUDE_IN_FRAMEWORK_HEADER = YES;
				CLANG_WARN_RANGE_LOOP_ANALYSIS = YES;
				CLANG_WARN_STRICT_PROTOTYPES = YES;
				CLANG_WARN_SUSPICIOUS_MOVE = YES;
				CLANG_WARN_UNGUARDED_AVAILABILITY = YES_AGGRESSIVE;
				CLANG_WARN_UNREACHABLE_CODE = YES;
				CLANG_WARN__DUPLICATE_METHOD_MATCH = YES;
				COPY_PHASE_STRIP = NO;
				DEBUG_INFORMATION_FORMAT = "dwarf-with-dsym";
				ENABLE_NS_ASSERTIONS = NO;
				ENABLE_STRICT_OBJC_MSGSEND = YES;
				ENABLE_USER_SCRIPT_SANDBOXING = YES;
				GCC_C_LANGUAGE_STANDARD = gnu17;
				GCC_NO_COMMON_BLOCKS = YES;
				GCC_WARN_64_TO_32_BIT_CONVERSION = YES;
				GCC_WARN_ABOUT_RETURN_TYPE = YES_ERROR;
				GCC_WARN_UNDECLARED_SELECTOR = YES;
				GCC_WARN_UNINITIALIZED_AUTOS = YES_AGGRESSIVE;
				GCC_WARN_UNUSED_FUNCTION = YES;
				GCC_WARN_UNUSED_VARIABLE = YES;
				IPHONEOS_DEPLOYMENT_TARGET = 26.2;
				LOCALIZATION_PREFERS_STRING_CATALOGS = YES;
				MTL_ENABLE_DEBUG_INFO = NO;
				MTL_FAST_MATH = YES;
				SDKROOT = iphoneos;
				SWIFT_COMPILATION_MODE = wholemodule;
				VALIDATE_PRODUCT = YES;
			};
			name = Release;
		};
		EAB74D942FB0A17B005BCF0D /* Debug */ = {
			isa = XCBuildConfiguration;
			buildSettings = {
				ASSETCATALOG_COMPILER_APPICON_NAME = AppIcon;
				ASSETCATALOG_COMPILER_GLOBAL_ACCENT_COLOR_NAME = AccentColor;
				CODE_SIGN_STYLE = Automatic;
				CURRENT_PROJECT_VERSION = 1;
				ENABLE_PREVIEWS = YES;
				GENERATE_INFOPLIST_FILE = YES;
				INFOPLIST_KEY_UIApplicationSceneManifest_Generation = YES;
				INFOPLIST_KEY_UIApplicationSupportsIndirectInputEvents = YES;
				INFOPLIST_KEY_UILaunchScreen_Generation = YES;
				INFOPLIST_KEY_UISupportedInterfaceOrientations_iPad = "UIInterfaceOrientationPortrait UIInterfaceOrientationPortraitUpsideDown UIInterfaceOrientationLandscapeLeft UIInterfaceOrientationLandscapeRight";
				INFOPLIST_KEY_UISupportedInterfaceOrientations_iPhone = "UIInterfaceOrientationPortrait UIInterfaceOrientationLandscapeLeft UIInterfaceOrientationLandscapeRight";
				LD_RUNPATH_SEARCH_PATHS = (
					"$(inherited)",
					"@executable_path/Frameworks",
				);
				MARKETING_VERSION = 1.0;
				PRODUCT_BUNDLE_IDENTIFIER = com.Rami.CustomizableSlider.CustomizableCarousel;
				PRODUCT_NAME = "$(TARGET_NAME)";
				STRING_CATALOG_GENERATE_SYMBOLS = YES;
				SWIFT_APPROACHABLE_CONCURRENCY = YES;
				SWIFT_DEFAULT_ACTOR_ISOLATION = MainActor;
				SWIFT_EMIT_LOC_STRINGS = YES;
				SWIFT_UPCOMING_FEATURE_MEMBER_IMPORT_VISIBILITY = YES;
				SWIFT_VERSION = 5.0;
				TARGETED_DEVICE_FAMILY = "1,2";
			};
			name = Debug;
		};
		EAB74D952FB0A17B005BCF0D /* Release */ = {
			isa = XCBuildConfiguration;
			buildSettings = {
				ASSETCATALOG_COMPILER_APPICON_NAME = AppIcon;
				ASSETCATALOG_COMPILER_GLOBAL_ACCENT_COLOR_NAME = AccentColor;
				CODE_SIGN_STYLE = Automatic;
				CURRENT_PROJECT_VERSION = 1;
				ENABLE_PREVIEWS = YES;
				GENERATE_INFOPLIST_FILE = YES;
				INFOPLIST_KEY_UIApplicationSceneManifest_Generation = YES;
				INFOPLIST_KEY_UIApplicationSupportsIndirectInputEvents = YES;
				INFOPLIST_KEY_UILaunchScreen_Generation = YES;
				INFOPLIST_KEY_UISupportedInterfaceOrientations_iPad = "UIInterfaceOrientationPortrait UIInterfaceOrientationPortraitUpsideDown UIInterfaceOrientationLandscapeLeft UIInterfaceOrientationLandscapeRight";
				INFOPLIST_KEY_UISupportedInterfaceOrientations_iPhone = "UIInterfaceOrientationPortrait UIInterfaceOrientationLandscapeLeft UIInterfaceOrientationLandscapeRight";
				LD_RUNPATH_SEARCH_PATHS = (
					"$(inherited)",
					"@executable_path/Frameworks",
				);
				MARKETING_VERSION = 1.0;
				PRODUCT_BUNDLE_IDENTIFIER = com.Rami.CustomizableSlider.CustomizableCarousel;
				PRODUCT_NAME = "$(TARGET_NAME)";
				STRING_CATALOG_GENERATE_SYMBOLS = YES;
				SWIFT_APPROACHABLE_CONCURRENCY = YES;
				SWIFT_DEFAULT_ACTOR_ISOLATION = MainActor;
				SWIFT_EMIT_LOC_STRINGS = YES;
				SWIFT_UPCOMING_FEATURE_MEMBER_IMPORT_VISIBILITY = YES;
				SWIFT_VERSION = 5.0;
				TARGETED_DEVICE_FAMILY = "1,2";
			};
			name = Release;
		};
		EAB74D972FB0A17B005BCF0D /* Debug */ = {
			isa = XCBuildConfiguration;
			buildSettings = {
				BUNDLE_LOADER = "$(TEST_HOST)";
				CODE_SIGN_STYLE = Automatic;
				CURRENT_PROJECT_VERSION = 1;
				GENERATE_INFOPLIST_FILE = YES;
				IPHONEOS_DEPLOYMENT_TARGET = 26.2;
				MARKETING_VERSION = 1.0;
				PRODUCT_BUNDLE_IDENTIFIER = com.Rami.CustomizableSlider.CustomizableCarouselTests;
				PRODUCT_NAME = "$(TARGET_NAME)";
				STRING_CATALOG_GENERATE_SYMBOLS = NO;
				SWIFT_APPROACHABLE_CONCURRENCY = YES;
				SWIFT_EMIT_LOC_STRINGS = NO;
				SWIFT_UPCOMING_FEATURE_MEMBER_IMPORT_VISIBILITY = YES;
				SWIFT_VERSION = 5.0;
				TARGETED_DEVICE_FAMILY = "1,2";
				TEST_HOST = "$(BUILT_PRODUCTS_DIR)/CustomizableCarousel.app/$(BUNDLE_EXECUTABLE_FOLDER_PATH)/CustomizableCarousel";
			};
			name = Debug;
		};
		EAB74D982FB0A17B005BCF0D /* Release */ = {
			isa = XCBuildConfiguration;
			buildSettings = {
				BUNDLE_LOADER = "$(TEST_HOST)";
				CODE_SIGN_STYLE = Automatic;
				CURRENT_PROJECT_VERSION = 1;
				GENERATE_INFOPLIST_FILE = YES;
				IPHONEOS_DEPLOYMENT_TARGET = 26.2;
				MARKETING_VERSION = 1.0;
				PRODUCT_BUNDLE_IDENTIFIER = com.Rami.CustomizableSlider.CustomizableCarouselTests;
				PRODUCT_NAME = "$(TARGET_NAME)";
				STRING_CATALOG_GENERATE_SYMBOLS = NO;
				SWIFT_APPROACHABLE_CONCURRENCY = YES;
				SWIFT_EMIT_LOC_STRINGS = NO;
				SWIFT_UPCOMING_FEATURE_MEMBER_IMPORT_VISIBILITY = YES;
				SWIFT_VERSION = 5.0;
				TARGETED_DEVICE_FAMILY = "1,2";
				TEST_HOST = "$(BUILT_PRODUCTS_DIR)/CustomizableCarousel.app/$(BUNDLE_EXECUTABLE_FOLDER_PATH)/CustomizableCarousel";
			};
			name = Release;
		};
		EAB74D9A2FB0A17B005BCF0D /* Debug */ = {
			isa = XCBuildConfiguration;
			buildSettings = {
				CODE_SIGN_STYLE = Automatic;
				CURRENT_PROJECT_VERSION = 1;
				GENERATE_INFOPLIST_FILE = YES;
				MARKETING_VERSION = 1.0;
				PRODUCT_BUNDLE_IDENTIFIER = com.Rami.CustomizableSlider.CustomizableCarouselUITests;
				PRODUCT_NAME = "$(TARGET_NAME)";
				STRING_CATALOG_GENERATE_SYMBOLS = NO;
				SWIFT_APPROACHABLE_CONCURRENCY = YES;
				SWIFT_EMIT_LOC_STRINGS = NO;
				SWIFT_UPCOMING_FEATURE_MEMBER_IMPORT_VISIBILITY = YES;
				SWIFT_VERSION = 5.0;
				TARGETED_DEVICE_FAMILY = "1,2";
				TEST_TARGET_NAME = CustomizableCarousel;
			};
			name = Debug;
		};
		EAB74D9B2FB0A17B005BCF0D /* Release */ = {
			isa = XCBuildConfiguration;
			buildSettings = {
				CODE_SIGN_STYLE = Automatic;
				CURRENT_PROJECT_VERSION = 1;
				GENERATE_INFOPLIST_FILE = YES;
				MARKETING_VERSION = 1.0;
				PRODUCT_BUNDLE_IDENTIFIER = com.Rami.CustomizableSlider.CustomizableCarouselUITests;
				PRODUCT_NAME = "$(TARGET_NAME)";
				STRING_CATALOG_GENERATE_SYMBOLS = NO;
				SWIFT_APPROACHABLE_CONCURRENCY = YES;
				SWIFT_EMIT_LOC_STRINGS = NO;
				SWIFT_UPCOMING_FEATURE_MEMBER_IMPORT_VISIBILITY = YES;
				SWIFT_VERSION = 5.0;
				TARGETED_DEVICE_FAMILY = "1,2";
				TEST_TARGET_NAME = CustomizableCarousel;
			};
			name = Release;
		};
/* End XCBuildConfiguration section */

/* Begin XCConfigurationList section */
		EAB74D6D2FB0A17A005BCF0D /* Build configuration list for PBXProject "CustomizableCarousel" */ = {
			isa = XCConfigurationList;
			buildConfigurations = (
				EAB74D912FB0A17B005BCF0D /* Debug */,
				EAB74D922FB0A17B005BCF0D /* Release */,
			);
			defaultConfigurationIsVisible = 0;
			defaultConfigurationName = Release;
		};
		EAB74D932FB0A17B005BCF0D /* Build configuration list for PBXNativeTarget "CustomizableCarousel" */ = {
			isa = XCConfigurationList;
			buildConfigurations = (
				EAB74D942FB0A17B005BCF0D /* Debug */,
				EAB74D952FB0A17B005BCF0D /* Release */,
			);
			defaultConfigurationIsVisible = 0;
			defaultConfigurationName = Release;
		};
		EAB74D962FB0A17B005BCF0D /* Build configuration list for PBXNativeTarget "CustomizableCarouselTests" */ = {
			isa = XCConfigurationList;
			buildConfigurations = (
				EAB74D972FB0A17B005BCF0D /* Debug */,
				EAB74D982FB0A17B005BCF0D /* Release */,
			);
			defaultConfigurationIsVisible = 0;
			defaultConfigurationName = Release;
		};
		EAB74D992FB0A17B005BCF0D /* Build configuration list for PBXNativeTarget "CustomizableCarouselUITests" */ = {
			isa = XCConfigurationList;
			buildConfigurations = (
				EAB74D9A2FB0A17B005BCF0D /* Debug */,
				EAB74D9B2FB0A17B005BCF0D /* Release */,
			);
			defaultConfigurationIsVisible = 0;
			defaultConfigurationName = Release;
		};
/* End XCConfigurationList section */
	};
	rootObject = EAB74D6A2FB0A17A005BCF0D /* Project object */;
}
